// !$*UTF8*$!
{
	archiveVersion = 1;
	classes = {
	};
	objectVersion = 50;
	objects = {

/* Begin PBXBuildFile section */
		CFF60DB125501EFD00FBC941 /* AppDelegate.swift in Sources */ = {isa = PBXBuildFile; fileRef = CFF60DB025501EFD00FBC941 /* AppDelegate.swift */; };
		CFF60DB325501EFD00FBC941 /* SceneDelegate.swift in Sources */ = {isa = PBXBuildFile; fileRef = CFF60DB225501EFD00FBC941 /* SceneDelegate.swift */; };
		CFF60DB525501EFD00FBC941 /* ViewController.swift in Sources */ = {isa = PBXBuildFile; fileRef = CFF60DB425501EFD00FBC941 /* ViewController.swift */; };
		CFF60DB825501EFD00FBC941 /* Main.storyboard in Resources */ = {isa = PBXBuildFile; fileRef = CFF60DB625501EFD00FBC941 /* Main.storyboard */; };
		CFF60DBA25501EFE00FBC941 /* Assets.xcassets in Resources */ = {isa = PBXBuildFile; fileRef = CFF60DB925501EFE00FBC941 /* Assets.xcassets */; };
		CFF60DBD25501EFE00FBC941 /* LaunchScreen.storyboard in Resources */ = {isa = PBXBuildFile; fileRef = CFF60DBB25501EFE00FBC941 /* LaunchScreen.storyboard */; };
/* End PBXBuildFile section */

/* Begin PBXFileReference section */
		CFF60DAD25501EFD00FBC941 /* SQLiteExemple.app */ = {isa = PBXFileReference; explicitFileType = wrapper.application; includeInIndex = 0; path = SQLiteExemple.app; sourceTree = BUILT_PRODUCTS_DIR; };
		CFF60DB025501EFD00FBC941 /* AppDelegate.swift */ = {isa = PBXFileReference; lastKnownFileType = sourcecode.swift; path = AppDelegate.swift; sourceTree = "<group>"; };
		CFF60DB225501EFD00FBC941 /* SceneDelegate.swift */ = {isa = PBXFileReference; lastKnownFileType = sourcecode.swift; path = SceneDelegate.swift; sourceTree = "<group>"; };
		CFF60DB425501EFD00FBC941 /* ViewController.swift */ = {isa = PBXFileReference; lastKnownFileType = sourcecode.swift; path = ViewController.swift; sourceTree = "<group>"; };
		CFF60DB725501EFD00FBC941 /* Base */ = {isa = PBXFileReference; lastKnownFileType = file.storyboard; name = Base; path = Base.lproj/Main.storyboard; sourceTree = "<group>"; };
		CFF60DB925501EFE00FBC941 /* Assets.xcassets */ = {isa = PBXFileReference; lastKnownFileType = folder.assetcatalog; path = Assets.xcassets; sourceTree = "<group>"; };
		CFF60DBC25501EFE00FBC941 /* Base */ = {isa = PBXFileReference; lastKnownFileType = file.storyboard; name = Base; path = Base.lproj/LaunchScreen.storyboard; sourceTree = "<group>"; };
		CFF60DBE25501EFE00FBC941 /* Info.plist */ = {isa = PBXFileReference; lastKnownFileType = text.plist.xml; path = Info.plist; sourceTree = "<group>"; };
/* End PBXFileReference section */

/* Begin PBXFrameworksBuildPhase section */
		CFF60DAA25501EFD00FBC941 /* Frameworks */ = {
			isa = PBXFrameworksBuildPhase;
			buildActionMask = 2147483647;
			files = (
			);
			runOnlyForDeploymentPostprocessing = 0;
		};
/* End PBXFrameworksBuildPhase section */

/* Begin PBXGroup section */
		CFF60DA425501EFD00FBC941 = {
			isa = PBXGroup;
			children = (
				CFF60DAF25501EFD00FBC941 /* SQLiteExemple */,
				CFF60DAE25501EFD00FBC941 /* Products */,
			);
			sourceTree = "<group>";
		};
		CFF60DAE25501EFD00FBC941 /* Products */ = {
			isa = PBXGroup;
			children = (
				CFF60DAD25501EFD00FBC941 /* SQLiteExemple.app */,
			);
			name = Products;
			sourceTree = "<group>";
		};
		CFF60DAF25501EFD00FBC941 /* SQLiteExemple */ = {
			isa = PBXGroup;
			children = (
				CFF60DB025501EFD00FBC941 /* AppDelegate.swift */,
				CFF60DB225501EFD00FBC941 /* SceneDelegate.swift */,
				CFF60DB425501EFD00FBC941 /* ViewController.swift */,
				CFF60DB625501EFD00FBC941 /* Main.storyboard */,
				CFF60DB925501EFE00FBC941 /* Assets.xcassets */,
				CFF60DBB25501EFE00FBC941 /* LaunchScreen.storyboard */,
				CFF60DBE25501EFE00FBC941 /* Info.plist */,
			);
			path = SQLiteExemple;
			sourceTree = "<group>";
		};
/* End PBXGroup section */

/* Begin PBXNativeTarget section */
		CFF60DAC25501EFD00FBC941 /* SQLiteExemple */ = {
			isa = PBXNativeTarget;
			buildConfigurationList = CFF60DC125501EFE00FBC941 /* Build configuration list for PBXNativeTarget "SQLiteExemple" */;
			buildPhases = (
				CFF60DA925501EFD00FBC941 /* Sources */,
				CFF60DAA25501EFD00FBC941 /* Frameworks */,
				CFF60DAB25501EFD00FBC941 /* Resources */,
			);
			buildRules = (
			);
			dependencies = (
			);
			name = SQLiteExemple;
			productName = SQLiteExemple;
			productReference = CFF60DAD25501EFD00FBC941 /* SQLiteExemple.app */;
			productType = "com.apple.product-type.application";
		};
/* End PBXNativeTarget section */

/* Begin PBXProject section */
		CFF60DA525501EFD00FBC941 /* Project object */ = {
			isa = PBXProject;
			attributes = {
				LastSwiftUpdateCheck = 1130;
				LastUpgradeCheck = 1130;
				ORGANIZATIONNAME = "João";
				TargetAttributes = {
					CFF60DAC25501EFD00FBC941 = {
						CreatedOnToolsVersion = 11.3.1;
					};
				};
			};
			buildConfigurationList = CFF60DA825501EFD00FBC941 /* Build configuration list for PBXProject "SQLiteExemple" */;
			compatibilityVersion = "Xcode 9.3";
			developmentRegion = en;
			hasScannedForEncodings = 0;
			knownRegions = (
				en,
				Base,
			);
			mainGroup = CFF60DA425501EFD00FBC941;
			productRefGroup = CFF60DAE25501EFD00FBC941 /* Products */;
			projectDirPath = "";
			projectRoot = "";
			targets = (
				CFF60DAC25501EFD00FBC941 /* SQLiteExemple */,
			);
		};
/* End PBXProject section */

/* Begin PBXResourcesBuildPhase section */
		CFF60DAB25501EFD00FBC941 /* Resources */ = {
			isa = PBXResourcesBuildPhase;
			buildActionMask = 2147483647;
			files = (
				CFF60DBD25501EFE00FBC941 /* LaunchScreen.storyboard in Resources */,
				CFF60DBA25501EFE00FBC941 /* Assets.xcassets in Resources */,
				CFF60DB825501EFD00FBC941 /* Main.storyboard in Resources */,
			);
			runOnlyForDeploymentPostprocessing = 0;
		};
/* End PBXResourcesBuildPhase section */

/* Begin PBXSourcesBuildPhase section */
		CFF60DA925501EFD00FBC941 /* Sources */ = {
			isa = PBXSourcesBuildPhase;
			buildActionMask = 2147483647;
			files = (
				CFF60DB525501EFD00FBC941 /* ViewController.swift in Sources */,
				CFF60DB125501EFD00FBC941 /* AppDelegate.swift in Sources */,
				CFF60DB325501EFD00FBC941 /* SceneDelegate.swift in Sources */,
			);
			runOnlyForDeploymentPostprocessing = 0;
		};
/* End PBXSourcesBuildPhase section */

/* Begin PBXVariantGroup section */
		CFF60DB625501EFD00FBC941 /* Main.storyboard */ = {
			isa = PBXVariantGroup;
			children = (
				CFF60DB725501EFD00FBC941 /* Base */,
			);
			name = Main.storyboard;
			sourceTree = "<group>";
		};
		CFF60DBB25501EFE00FBC941 /* LaunchScreen.storyboard */ = {
			isa = PBXVariantGroup;
			children = (
				CFF60DBC25501EFE00FBC941 /* Base */,
			);
			name = LaunchScreen.storyboard;
			sourceTree = "<group>";
		};
/* End PBXVariantGroup section */

/* Begin XCBuildConfiguration section */
		CFF60DBF25501EFE00FBC941 /* Debug */ = {
			isa = XCBuildConfiguration;
			buildSettings = {
				ALWAYS_SEARCH_USER_PATHS = NO;
				CLANG_ANALYZER_NONNULL = YES;
				CLANG_ANALYZER_NUMBER_OBJECT_CONVERSION = YES_AGGRESSIVE;
				CLANG_CXX_LANGUAGE_STANDARD = "gnu++14";
				CLANG_CXX_LIBRARY = "libc++";
				CLANG_ENABLE_MODULES = YES;
				CLANG_ENABLE_OBJC_ARC = YES;
				CLANG_ENABLE_OBJC_WEAK = YES;
				CLANG_WARN_BLOCK_CAPTURE_AUTORELEASING = YES;
				CLANG_WARN_BOOL_CONVERSION = YES;
				CLANG_WARN_COMMA = YES;
				CLANG_WARN_CONSTANT_CONVERSION = YES;
				CLANG_WARN_DEPRECATED_OBJC_IMPLEMENTATIONS = YES;
				CLANG_WARN_DIRECT_OBJC_ISA_USAGE = YES_ERROR;
				CLANG_WARN_DOCUMENTATION_COMMENTS = YES;
				CLANG_WARN_EMPTY_BODY = YES;
				CLANG_WARN_ENUM_CONVERSION = YES;
				CLANG_WARN_INFINITE_RECURSION = YES;
				CLANG_WARN_INT_CONVERSION = YES;
				CLANG_WARN_NON_LITERAL_NULL_CONVERSION = YES;
				CLANG_WARN_OBJC_IMPLICIT_RETAIN_SELF = YES;
				CLANG_WARN_OBJC_LITERAL_CONVERSION = YES;
				CLANG_WARN_OBJC_ROOT_CLASS = YES_ERROR;
				CLANG_WARN_RANGE_LOOP_ANALYSIS = YES;
				CLANG_WARN_STRICT_PROTOTYPES = YES;
				CLANG_WARN_SUSPICIOUS_MOVE = YES;
				CLANG_WARN_UNGUARDED_AVAILABILITY = YES_AGGRESSIVE;
				CLANG_WARN_UNREACHABLE_CODE = YES;
				CLANG_WARN__DUPLICATE_METHOD_MATCH = YES;
				COPY_PHASE_STRIP = NO;
				DEBUG_INFORMATION_FORMAT = dwarf;
				ENABLE_STRICT_OBJC_MSGSEND = YES;
				ENABLE_TESTABILITY = YES;
				GCC_C_LANGUAGE_STANDARD = gnu11;
				GCC_DYNAMIC_NO_PIC = NO;
				GCC_NO_COMMON_BLOCKS = YES;
				GCC_OPTIMIZATION_LEVEL = 0;
				GCC_PREPROCESSOR_DEFINITIONS = (
					"DEBUG=1",
					"$(inherited)",
				);
				GCC_WARN_64_TO_32_BIT_CONVERSION = YES;
				GCC_WARN_ABOUT_RETURN_TYPE = YES_ERROR;
				GCC_WARN_UNDECLARED_SELECTOR = YES;
				GCC_WARN_UNINITIALIZED_AUTOS = YES_AGGRESSIVE;
				GCC_WARN_UNUSED_FUNCTION = YES;
				GCC_WARN_UNUSED_VARIABLE = YES;
				IPHONEOS_DEPLOYMENT_TARGET = 13.2;
				MTL_ENABLE_DEBUG_INFO = INCLUDE_SOURCE;
				MTL_FAST_MATH = YES;
				ONLY_ACTIVE_ARCH = YES;
				SDKROOT = iphoneos;
				SWIFT_ACTIVE_COMPILATION_CONDITIONS = DEBUG;
				SWIFT_OPTIMIZATION_LEVEL = "-Onone";
			};
			name = Debug;
		};
		CFF60DC025501EFE00FBC941 /* Release */ = {
			isa = XCBuildConfiguration;
			buildSettings = {
				ALWAYS_SEARCH_USER_PATHS = NO;
				CLANG_ANALYZER_NONNULL = YES;
				CLANG_ANALYZER_NUMBER_OBJECT_CONVERSION = YES_AGGRESSIVE;
				CLANG_CXX_LANGUAGE_STANDARD = "gnu++14";
				CLANG_CXX_LIBRARY = "libc++";
				CLANG_ENABLE_MODULES = YES;
				CLANG_ENABLE_OBJC_ARC = YES;
				CLANG_ENABLE_OBJC_WEAK = YES;
				CLANG_WARN_BLOCK_CAPTURE_AUTORELEASING = YES;
				CLANG_WARN_BOOL_CONVERSION = YES;
				CLANG_WARN_COMMA = YES;
				CLANG_WARN_CONSTANT_CONVERSION = YES;
				CLANG_WARN_DEPRECATED_OBJC_IMPLEMENTATIONS = YES;
				CLANG_WARN_DIRECT_OBJC_ISA_USAGE = YES_ERROR;
				CLANG_WARN_DOCUMENTATION_COMMENTS = YES;
				CLANG_WARN_EMPTY_BODY = YES;
				CLANG_WARN_ENUM_CONVERSION = YES;
				CLANG_WARN_INFINITE_RECURSION = YES;
				CLANG_WARN_INT_CONVERSION = YES;
				CLANG_WARN_NON_LITERAL_NULL_CONVERSION = YES;
				CLANG_WARN_OBJC_IMPLICIT_RETAIN_SELF = YES;
				CLANG_WARN_OBJC_LITERAL_CONVERSION = YES;
				CLANG_WARN_OBJC_ROOT_CLASS = YES_ERROR;
				CLANG_WARN_RANGE_LOOP_ANALYSIS = YES;
				CLANG_WARN_STRICT_PROTOTYPES = YES;
				CLANG_WARN_SUSPICIOUS_MOVE = YES;
				CLANG_WARN_UNGUARDED_AVAILABILITY = YES_AGGRESSIVE;
				CLANG_WARN_UNREACHABLE_CODE = YES;
				CLANG_WARN__DUPLICATE_METHOD_MATCH = YES;
				COPY_PHASE_STRIP = NO;
				DEBUG_INFORMATION_FORMAT = "dwarf-with-dsym";
				ENABLE_NS_ASSERTIONS = NO;
				ENABLE_STRICT_OBJC_MSGSEND = YES;
				GCC_C_LANGUAGE_STANDARD = gnu11;
				GCC_NO_COMMON_BLOCKS = YES;
				GCC_WARN_64_TO_32_BIT_CONVERSION = YES;
				GCC_WARN_ABOUT_RETURN_TYPE = YES_ERROR;
				GCC_WARN_UNDECLARED_SELECTOR = YES;
				GCC_WARN_UNINITIALIZED_AUTOS = YES_AGGRESSIVE;
				GCC_WARN_UNUSED_FUNCTION = YES;
				GCC_WARN_UNUSED_VARIABLE = YES;
				IPHONEOS_DEPLOYMENT_TARGET = 13.2;
				MTL_ENABLE_DEBUG_INFO = NO;
				MTL_FAST_MATH = YES;
				SDKROOT = iphoneos;
				SWIFT_COMPILATION_MODE = wholemodule;
				SWIFT_OPTIMIZATION_LEVEL = "-O";
				VALIDATE_PRODUCT = YES;
			};
			name = Release;
		};
		CFF60DC225501EFE00FBC941 /* Debug */ = {
			isa = XCBuildConfiguration;
			buildSettings = {
				ASSETCATALOG_COMPILER_APPICON_NAME = AppIcon;
				CODE_SIGN_STYLE = Automatic;
				DEVELOPMENT_TEAM = 4FGAJ25MKJ;
				INFOPLIST_FILE = SQLiteExemple/Info.plist;
				LD_RUNPATH_SEARCH_PATHS = (
					"$(inherited)",
					"@executable_path/Frameworks",
				);
				PRODUCT_BUNDLE_IDENTIFIER = br.com.joao.SQLiteExemple;
				PRODUCT_NAME = "$(TARGET_NAME)";
				SWIFT_VERSION = 5.0;
				TARGETED_DEVICE_FAMILY = "1,2";
			};
			name = Debug;
		};
		CFF60DC325501EFE00FBC941 /* Release */ = {
			isa = XCBuildConfiguration;
			buildSettings = {
				ASSETCATALOG_COMPILER_APPICON_NAME = AppIcon;
				CODE_SIGN_STYLE = Automatic;
				DEVELOPMENT_TEAM = 4FGAJ25MKJ;
				INFOPLIST_FILE = SQLiteExemple/Info.plist;
				LD_RUNPATH_SEARCH_PATHS = (
					"$(inherited)",
					"@executable_path/Frameworks",
				);
				PRODUCT_BUNDLE_IDENTIFIER = br.com.joao.SQLiteExemple;
				PRODUCT_NAME = "$(TARGET_NAME)";
				SWIFT_VERSION = 5.0;
				TARGETED_DEVICE_FAMILY = "1,2";
			};
			name = Release;
		};
/* End XCBuildConfiguration section */

/* Begin XCConfigurationList section */
		CFF60DA825501EFD00FBC941 /* Build configuration list for PBXProject "SQLiteExemple" */ = {
			isa = XCConfigurationList;
			buildConfigurations = (
				CFF60DBF25501EFE00FBC941 /* Debug */,
				CFF60DC025501EFE00FBC941 /* Release */,
			);
			defaultConfigurationIsVisible = 0;
			defaultConfigurationName = Release;
		};
		CFF60DC125501EFE00FBC941 /* Build configuration list for PBXNativeTarget "SQLiteExemple" */ = {
			isa = XCConfigurationList;
			buildConfigurations = (
				CFF60DC225501EFE00FBC941 /* Debug */,
				CFF60DC325501EFE00FBC941 /* Release */,
			);
			defaultConfigurationIsVisible = 0;
			defaultConfigurationName = Release;
		};
/* End XCConfigurationList section */
	};
	rootObject = CFF60DA525501EFD00FBC941 /* Project object */;
}
